github.com/duckfullstop/blinkybeacon v0.1.1 h1:9OU/8iWCqqcNLzGCZ1amJlT1ytN4IUG6eH7bx3LqEik=
github.com/duckfullstop/blinkybeacon v0.1.1/go.mod h1:5ZWeF8kw7TY1krbDI2BDFuJRpv371Y0rVMf2e8xSM4M=
github.com/sstallion/go-hid v0.13.3 h1:u1AIMIFz18tyU0mYN2tSqCXd6RfcV7woZ0aSZ09ePEg=
github.com/sstallion/go-hid v0.13.3/go.mod h1:u5TnL2p4LK+neYxizE0roefazZHMN8yMy6Iurd1a+6o=
